PODS:
  - CoreGPX (0.9.0)
  - MapCache (0.9.0)

DEPENDENCIES:
  - CoreGPX
  - MapCache (from `https://github.com/vincentneo/MapCache.git`, branch `ios16-add-overlay-patch`)

SPEC REPOS:
  trunk:
    - CoreGPX

EXTERNAL SOURCES:
  MapCache:
    :branch: ios16-add-overlay-patch
    :git: https://github.com/vincentneo/MapCache.git

CHECKOUT OPTIONS:
  MapCache:
    :commit: 1ab206dc7c9d422ef1407597bb66f10bdae7213c
    :git: https://github.com/vincentneo/MapCache.git

SPEC CHECKSUMS:
  CoreGPX: 1381c8c47428c3a6bcac2f93d25ca1c5e3525811
  MapCache: b0a9f5f9a0ed7cbac45443fea0e7e03a97bf0c66

PODFILE CHECKSUM: c6a18c309fa0db5bee376b1879afc20a8b9084dc

COCOAPODS: 1.11.3
