PODS:
  - Cache (5.2.0)
  - CoreGPX (0.5.5)
  - CryptoSwift (0.14.0)

DEPENDENCIES:
  - Cache (from `https://github.com/hyperoslo/Cache`)
  - CoreGPX (from `https://github.com/VincentNeo/CoreGPX.git`)
  - CryptoSwift (from `https://github.com/krzyzanowskim/CryptoSwift`, branch `0.14.0`)

EXTERNAL SOURCES:
  Cache:
    :git: https://github.com/hyperoslo/Cache
  CoreGPX:
    :git: https://github.com/VincentNeo/CoreGPX.git
  CryptoSwift:
    :branch: 0.14.0
    :git: https://github.com/krzyzanowskim/CryptoSwift

CHECKOUT OPTIONS:
  Cache:
    :commit: 6adcf9766121bf7026a57cf69f898fbcb6ebb990
    :git: https://github.com/hyperoslo/Cache
  CoreGPX:
    :commit: 49646feeb9b7a12db848b30c2712bf772b0265fa
    :git: https://github.com/VincentNeo/CoreGPX.git
  CryptoSwift:
    :commit: 8b3435bd3236819318cde87c8d9315fb89906df3
    :git: https://github.com/krzyzanowskim/CryptoSwift

SPEC CHECKSUMS:
  Cache: 807c5d86d01a177f06ede9865add3aea269bbfd4
  CoreGPX: 4d0f8f3bae5b405c9e17096d1de5154231c41b5e
  CryptoSwift: 35a10419f4dbf0619c13f8c1c180037e115323fa

PODFILE CHECKSUM: 9baaf4015f2989de3b19067c2b2e0785245dfb67

COCOAPODS: 1.6.0
