PODS:
  - CoreGPX (0.8.1)
  - MapCache (0.9.0)

DEPENDENCIES:
  - CoreGPX
  - MapCache (~> 0.9.0)

SPEC REPOS:
  https://github.com/cocoapods/specs.git:
    - CoreGPX
    - MapCache

SPEC CHECKSUMS:
  CoreGPX: 2d1deecae3c99674bb1165935c350f9c0e54e5ab
  MapCache: b0a9f5f9a0ed7cbac45443fea0e7e03a97bf0c66

PODFILE CHECKSUM: c61e9630b0b0516aedcfdcf6798dbfb7fc6c0eef

COCOAPODS: 1.7.5
