// !$*UTF8*$!
{
	archiveVersion = 1;
	classes = {
	};
	objectVersion = 46;
	objects = {

/* Begin PBXBuildFile section */
		8913CD8C1BDB0A9A009EC729 /* PreferencesTableViewController.swift in Sources */ = {isa = PBXBuildFile; fileRef = 8913CD8B1BDB0A9A009EC729 /* PreferencesTableViewController.swift */; };
		8913CD8E1BDB2477009EC729 /* PreferencesTableViewControllerDelegate.swift in Sources */ = {isa = PBXBuildFile; fileRef = 8913CD8D1BDB2477009EC729 /* PreferencesTableViewControllerDelegate.swift */; };
		893BEC8619C7E62200C77354 /* GPXWaypoint+MKAnnotation.swift in Sources */ = {isa = PBXBuildFile; fileRef = 893BEC8519C7E62200C77354 /* GPXWaypoint+MKAnnotation.swift */; };
		8945A90E1DC7AD040029AF93 /* CachedTileOverlay.swift in Sources */ = {isa = PBXBuildFile; fileRef = 8945A90D1DC7AD040029AF93 /* CachedTileOverlay.swift */; };
		895F04B41A7143CE004BEE8A /* GPXExtentCoordinates.swift in Sources */ = {isa = PBXBuildFile; fileRef = 895F04B31A7143CE004BEE8A /* GPXExtentCoordinates.swift */; };
		898EECDB19C49B5800B4B207 /* AppDelegate.swift in Sources */ = {isa = PBXBuildFile; fileRef = 898EECDA19C49B5800B4B207 /* AppDelegate.swift */; };
		898EECDE19C49B5800B4B207 /* OpenGpxTracker.xcdatamodeld in Sources */ = {isa = PBXBuildFile; fileRef = 898EECDC19C49B5800B4B207 /* OpenGpxTracker.xcdatamodeld */; };
		898EECE019C49B5800B4B207 /* ViewController.swift in Sources */ = {isa = PBXBuildFile; fileRef = 898EECDF19C49B5800B4B207 /* ViewController.swift */; };
		898EECE319C49B5800B4B207 /* Main.storyboard in Resources */ = {isa = PBXBuildFile; fileRef = 898EECE119C49B5800B4B207 /* Main.storyboard */; };
		898EECE519C49B5800B4B207 /* Images.xcassets in Resources */ = {isa = PBXBuildFile; fileRef = 898EECE419C49B5800B4B207 /* Images.xcassets */; };
		898EECE819C49B5800B4B207 /* LaunchScreen.xib in Resources */ = {isa = PBXBuildFile; fileRef = 898EECE619C49B5800B4B207 /* LaunchScreen.xib */; };
		898EECF419C49B5800B4B207 /* OpenGpxTrackerTests.swift in Sources */ = {isa = PBXBuildFile; fileRef = 898EECF319C49B5800B4B207 /* OpenGpxTrackerTests.swift */; };
		898EECFE19C49DC700B4B207 /* MapKit.framework in Frameworks */ = {isa = PBXBuildFile; fileRef = 898EECFD19C49DC700B4B207 /* MapKit.framework */; };
		898EED0019C4A15E00B4B207 /* CoreLocation.framework in Frameworks */ = {isa = PBXBuildFile; fileRef = 898EECFF19C4A15E00B4B207 /* CoreLocation.framework */; };
		898EED3619C6402900B4B207 /* GPXFilesTableViewController.swift in Sources */ = {isa = PBXBuildFile; fileRef = 898EED3519C6402900B4B207 /* GPXFilesTableViewController.swift */; };
		8991CA3F1D3F01D10092E1DE /* TrackRecorder.swift in Sources */ = {isa = PBXBuildFile; fileRef = 8991CA3E1D3F01D10092E1DE /* TrackRecorder.swift */; };
		899D676C19CD9E9E00C88A0A /* GPXTrackSegment+MapKit.swift in Sources */ = {isa = PBXBuildFile; fileRef = 899D676B19CD9E9E00C88A0A /* GPXTrackSegment+MapKit.swift */; };
		899D676E19CD9FAF00C88A0A /* GPXTrackPoint+MapKit.swift in Sources */ = {isa = PBXBuildFile; fileRef = 899D676D19CD9FAF00C88A0A /* GPXTrackPoint+MapKit.swift */; };
		899D677019CE024600C88A0A /* GPXFileManager.swift in Sources */ = {isa = PBXBuildFile; fileRef = 899D676F19CE024600C88A0A /* GPXFileManager.swift */; };
		899D677219CE8B3600C88A0A /* StopWatch.swift in Sources */ = {isa = PBXBuildFile; fileRef = 899D677119CE8B3600C88A0A /* StopWatch.swift */; };
		899D677419CE9DEA00C88A0A /* iOSVersion.swift in Sources */ = {isa = PBXBuildFile; fileRef = 899D677319CE9DEA00C88A0A /* iOSVersion.swift */; };
		899D677819CF0A9F00C88A0A /* MessageUI.framework in Frameworks */ = {isa = PBXBuildFile; fileRef = 899D677719CF0A9F00C88A0A /* MessageUI.framework */; };
		899D677B19D10F7C00C88A0A /* GPXFilesTableViewControlllerDelegate.swift in Sources */ = {isa = PBXBuildFile; fileRef = 899D677A19D10F7C00C88A0A /* GPXFilesTableViewControlllerDelegate.swift */; };
		899D677D19D22E1B00C88A0A /* StopWatchDelegate.swift in Sources */ = {isa = PBXBuildFile; fileRef = 899D677C19D22E1B00C88A0A /* StopWatchDelegate.swift */; };
		899D677F19D2366100C88A0A /* GPXMapView.swift in Sources */ = {isa = PBXBuildFile; fileRef = 899D677E19D2366100C88A0A /* GPXMapView.swift */; };
		899D678219D351DA00C88A0A /* AboutViewController.swift in Sources */ = {isa = PBXBuildFile; fileRef = 899D678119D351DA00C88A0A /* AboutViewController.swift */; };
		899D678419D3528D00C88A0A /* WebKit.framework in Frameworks */ = {isa = PBXBuildFile; fileRef = 899D678319D3528D00C88A0A /* WebKit.framework */; };
		899D678719D354EB00C88A0A /* about.html in Resources */ = {isa = PBXBuildFile; fileRef = 899D678519D354EB00C88A0A /* about.html */; };
		89D2F8F91DD7FA7800A52D64 /* Cache.framework in Frameworks */ = {isa = PBXBuildFile; fileRef = 89D2F8F81DD7FA7700A52D64 /* Cache.framework */; };
		89D2F8FB1DD7FAF600A52D64 /* CryptoSwift.framework in Frameworks */ = {isa = PBXBuildFile; fileRef = 89D2F8FA1DD7FAF600A52D64 /* CryptoSwift.framework */; };
		89D2F8FD1DD7FAFA00A52D64 /* iOS_GPX_Framework.framework in Frameworks */ = {isa = PBXBuildFile; fileRef = 89D2F8FC1DD7FAFA00A52D64 /* iOS_GPX_Framework.framework */; };
		89D2F8FF1DD7FAFF00A52D64 /* TBXML.framework in Frameworks */ = {isa = PBXBuildFile; fileRef = 89D2F8FE1DD7FAFF00A52D64 /* TBXML.framework */; };
		89E327BE1A7481EA00FC559E /* GPXTileServer.swift in Sources */ = {isa = PBXBuildFile; fileRef = 89E327BD1A7481EA00FC559E /* GPXTileServer.swift */; };
		89F8749B1BBB7362004EF41A /* GPXTrack+length.swift in Sources */ = {isa = PBXBuildFile; fileRef = 89F8749A1BBB7362004EF41A /* GPXTrack+length.swift */; };
		89F8749F1BBCB97F004EF41A /* GPXRoot+length.swift in Sources */ = {isa = PBXBuildFile; fileRef = 89F8749E1BBCB97F004EF41A /* GPXRoot+length.swift */; };
		89F874A11BBCC74C004EF41A /* UIDistanceLabel.swift in Sources */ = {isa = PBXBuildFile; fileRef = 89F874A01BBCC74C004EF41A /* UIDistanceLabel.swift */; };
		C894B839E0B8DC37DE05DDCC /* Pods_OpenGpxTracker.framework in Frameworks */ = {isa = PBXBuildFile; fileRef = 95D28CBDF2535138FA16F38F /* Pods_OpenGpxTracker.framework */; };
		DC4908A11C4A136F009484AE /* TrackerButton.swift in Sources */ = {isa = PBXBuildFile; fileRef = DC4908A01C4A136F009484AE /* TrackerButton.swift */; };
		DC4908A31C4A332E009484AE /* MapViewDelegate.swift in Sources */ = {isa = PBXBuildFile; fileRef = DC4908A21C4A332E009484AE /* MapViewDelegate.swift */; };
/* End PBXBuildFile section */

/* Begin PBXContainerItemProxy section */
		898EECEE19C49B5800B4B207 /* PBXContainerItemProxy */ = {
			isa = PBXContainerItemProxy;
			containerPortal = 898EECCD19C49B5800B4B207 /* Project object */;
			proxyType = 1;
			remoteGlobalIDString = 898EECD419C49B5800B4B207;
			remoteInfo = OpenGpxTracker;
		};
/* End PBXContainerItemProxy section */

/* Begin PBXFileReference section */
		44E786790A477838358F948C /* Pods-OpenGpxTracker.debug.xcconfig */ = {isa = PBXFileReference; includeInIndex = 1; lastKnownFileType = text.xcconfig; name = "Pods-OpenGpxTracker.debug.xcconfig"; path = "Pods/Target Support Files/Pods-OpenGpxTracker/Pods-OpenGpxTracker.debug.xcconfig"; sourceTree = "<group>"; };
		8913CD8B1BDB0A9A009EC729 /* PreferencesTableViewController.swift */ = {isa = PBXFileReference; fileEncoding = 4; lastKnownFileType = sourcecode.swift; path = PreferencesTableViewController.swift; sourceTree = "<group>"; };
		8913CD8D1BDB2477009EC729 /* PreferencesTableViewControllerDelegate.swift */ = {isa = PBXFileReference; fileEncoding = 4; lastKnownFileType = sourcecode.swift; path = PreferencesTableViewControllerDelegate.swift; sourceTree = "<group>"; };
		893BEC8519C7E62200C77354 /* GPXWaypoint+MKAnnotation.swift */ = {isa = PBXFileReference; fileEncoding = 4; lastKnownFileType = sourcecode.swift; path = "GPXWaypoint+MKAnnotation.swift"; sourceTree = "<group>"; };
		8945A90D1DC7AD040029AF93 /* CachedTileOverlay.swift */ = {isa = PBXFileReference; fileEncoding = 4; lastKnownFileType = sourcecode.swift; path = CachedTileOverlay.swift; sourceTree = "<group>"; };
		895F04B31A7143CE004BEE8A /* GPXExtentCoordinates.swift */ = {isa = PBXFileReference; fileEncoding = 4; lastKnownFileType = sourcecode.swift; path = GPXExtentCoordinates.swift; sourceTree = "<group>"; };
		898EECD519C49B5800B4B207 /* OpenGpxTracker.app */ = {isa = PBXFileReference; explicitFileType = wrapper.application; includeInIndex = 0; path = OpenGpxTracker.app; sourceTree = BUILT_PRODUCTS_DIR; };
		898EECD919C49B5800B4B207 /* Info.plist */ = {isa = PBXFileReference; lastKnownFileType = text.plist.xml; path = Info.plist; sourceTree = "<group>"; };
		898EECDA19C49B5800B4B207 /* AppDelegate.swift */ = {isa = PBXFileReference; lastKnownFileType = sourcecode.swift; path = AppDelegate.swift; sourceTree = "<group>"; };
		898EECDD19C49B5800B4B207 /* OpenGpxTracker.xcdatamodel */ = {isa = PBXFileReference; lastKnownFileType = wrapper.xcdatamodel; path = OpenGpxTracker.xcdatamodel; sourceTree = "<group>"; };
		898EECDF19C49B5800B4B207 /* ViewController.swift */ = {isa = PBXFileReference; lastKnownFileType = sourcecode.swift; path = ViewController.swift; sourceTree = "<group>"; };
		898EECE219C49B5800B4B207 /* Base */ = {isa = PBXFileReference; lastKnownFileType = file.storyboard; name = Base; path = Base.lproj/Main.storyboard; sourceTree = "<group>"; };
		898EECE419C49B5800B4B207 /* Images.xcassets */ = {isa = PBXFileReference; lastKnownFileType = folder.assetcatalog; path = Images.xcassets; sourceTree = "<group>"; };
		898EECE719C49B5800B4B207 /* Base */ = {isa = PBXFileReference; lastKnownFileType = file.xib; name = Base; path = Base.lproj/LaunchScreen.xib; sourceTree = "<group>"; };
		898EECED19C49B5800B4B207 /* OpenGpxTrackerTests.xctest */ = {isa = PBXFileReference; explicitFileType = wrapper.cfbundle; includeInIndex = 0; path = OpenGpxTrackerTests.xctest; sourceTree = BUILT_PRODUCTS_DIR; };
		898EECF219C49B5800B4B207 /* Info.plist */ = {isa = PBXFileReference; lastKnownFileType = text.plist.xml; path = Info.plist; sourceTree = "<group>"; };
		898EECF319C49B5800B4B207 /* OpenGpxTrackerTests.swift */ = {isa = PBXFileReference; lastKnownFileType = sourcecode.swift; path = OpenGpxTrackerTests.swift; sourceTree = "<group>"; };
		898EECFD19C49DC700B4B207 /* MapKit.framework */ = {isa = PBXFileReference; lastKnownFileType = wrapper.framework; name = MapKit.framework; path = System/Library/Frameworks/MapKit.framework; sourceTree = SDKROOT; };
		898EECFF19C4A15E00B4B207 /* CoreLocation.framework */ = {isa = PBXFileReference; lastKnownFileType = wrapper.framework; name = CoreLocation.framework; path = System/Library/Frameworks/CoreLocation.framework; sourceTree = SDKROOT; };
		898EED0219C5EE1500B4B207 /* ObjectiveCBridgingHeader.h */ = {isa = PBXFileReference; lastKnownFileType = sourcecode.c.h; path = ObjectiveCBridgingHeader.h; sourceTree = "<group>"; };
		898EED3519C6402900B4B207 /* GPXFilesTableViewController.swift */ = {isa = PBXFileReference; fileEncoding = 4; lastKnownFileType = sourcecode.swift; path = GPXFilesTableViewController.swift; sourceTree = "<group>"; };
		8991CA3E1D3F01D10092E1DE /* TrackRecorder.swift */ = {isa = PBXFileReference; fileEncoding = 4; lastKnownFileType = sourcecode.swift; path = TrackRecorder.swift; sourceTree = "<group>"; };
		899D676B19CD9E9E00C88A0A /* GPXTrackSegment+MapKit.swift */ = {isa = PBXFileReference; fileEncoding = 4; lastKnownFileType = sourcecode.swift; path = "GPXTrackSegment+MapKit.swift"; sourceTree = "<group>"; };
		899D676D19CD9FAF00C88A0A /* GPXTrackPoint+MapKit.swift */ = {isa = PBXFileReference; fileEncoding = 4; lastKnownFileType = sourcecode.swift; path = "GPXTrackPoint+MapKit.swift"; sourceTree = "<group>"; };
		899D676F19CE024600C88A0A /* GPXFileManager.swift */ = {isa = PBXFileReference; fileEncoding = 4; lastKnownFileType = sourcecode.swift; path = GPXFileManager.swift; sourceTree = "<group>"; };
		899D677119CE8B3600C88A0A /* StopWatch.swift */ = {isa = PBXFileReference; fileEncoding = 4; lastKnownFileType = sourcecode.swift; path = StopWatch.swift; sourceTree = "<group>"; };
		899D677319CE9DEA00C88A0A /* iOSVersion.swift */ = {isa = PBXFileReference; fileEncoding = 4; lastKnownFileType = sourcecode.swift; path = iOSVersion.swift; sourceTree = "<group>"; };
		899D677719CF0A9F00C88A0A /* MessageUI.framework */ = {isa = PBXFileReference; lastKnownFileType = wrapper.framework; name = MessageUI.framework; path = System/Library/Frameworks/MessageUI.framework; sourceTree = SDKROOT; };
		899D677A19D10F7C00C88A0A /* GPXFilesTableViewControlllerDelegate.swift */ = {isa = PBXFileReference; fileEncoding = 4; lastKnownFileType = sourcecode.swift; path = GPXFilesTableViewControlllerDelegate.swift; sourceTree = "<group>"; };
		899D677C19D22E1B00C88A0A /* StopWatchDelegate.swift */ = {isa = PBXFileReference; fileEncoding = 4; lastKnownFileType = sourcecode.swift; path = StopWatchDelegate.swift; sourceTree = "<group>"; };
		899D677E19D2366100C88A0A /* GPXMapView.swift */ = {isa = PBXFileReference; fileEncoding = 4; lastKnownFileType = sourcecode.swift; path = GPXMapView.swift; sourceTree = "<group>"; };
		899D678119D351DA00C88A0A /* AboutViewController.swift */ = {isa = PBXFileReference; fileEncoding = 4; lastKnownFileType = sourcecode.swift; path = AboutViewController.swift; sourceTree = "<group>"; };
		899D678319D3528D00C88A0A /* WebKit.framework */ = {isa = PBXFileReference; lastKnownFileType = wrapper.framework; name = WebKit.framework; path = System/Library/Frameworks/WebKit.framework; sourceTree = SDKROOT; };
		899D678519D354EB00C88A0A /* about.html */ = {isa = PBXFileReference; fileEncoding = 4; lastKnownFileType = text.html; path = about.html; sourceTree = "<group>"; };
		89D2F8F81DD7FA7700A52D64 /* Cache.framework */ = {isa = PBXFileReference; lastKnownFileType = wrapper.framework; name = Cache.framework; path = "../../../../../Library/Developer/Xcode/DerivedData/OpenGpxTracker-ckihxvafhxclokeryoesprvioczh/Build/Products/Debug-iphonesimulator/Cache/Cache.framework"; sourceTree = "<group>"; };
		89D2F8FA1DD7FAF600A52D64 /* CryptoSwift.framework */ = {isa = PBXFileReference; lastKnownFileType = wrapper.framework; name = CryptoSwift.framework; path = "../../../../../Library/Developer/Xcode/DerivedData/OpenGpxTracker-ckihxvafhxclokeryoesprvioczh/Build/Products/Debug-iphonesimulator/CryptoSwift/CryptoSwift.framework"; sourceTree = "<group>"; };
		89D2F8FC1DD7FAFA00A52D64 /* iOS_GPX_Framework.framework */ = {isa = PBXFileReference; lastKnownFileType = wrapper.framework; name = iOS_GPX_Framework.framework; path = "../../../../../Library/Developer/Xcode/DerivedData/OpenGpxTracker-ckihxvafhxclokeryoesprvioczh/Build/Products/Debug-iphonesimulator/iOS-GPX-Framework/iOS_GPX_Framework.framework"; sourceTree = "<group>"; };
		89D2F8FE1DD7FAFF00A52D64 /* TBXML.framework */ = {isa = PBXFileReference; lastKnownFileType = wrapper.framework; name = TBXML.framework; path = "../../../../../Library/Developer/Xcode/DerivedData/OpenGpxTracker-ckihxvafhxclokeryoesprvioczh/Build/Products/Debug-iphonesimulator/TBXML/TBXML.framework"; sourceTree = "<group>"; };
		89E327BD1A7481EA00FC559E /* GPXTileServer.swift */ = {isa = PBXFileReference; fileEncoding = 4; lastKnownFileType = sourcecode.swift; path = GPXTileServer.swift; sourceTree = "<group>"; };
		89F8749A1BBB7362004EF41A /* GPXTrack+length.swift */ = {isa = PBXFileReference; fileEncoding = 4; lastKnownFileType = sourcecode.swift; path = "GPXTrack+length.swift"; sourceTree = "<group>"; };
		89F8749E1BBCB97F004EF41A /* GPXRoot+length.swift */ = {isa = PBXFileReference; fileEncoding = 4; lastKnownFileType = sourcecode.swift; path = "GPXRoot+length.swift"; sourceTree = "<group>"; };
		89F874A01BBCC74C004EF41A /* UIDistanceLabel.swift */ = {isa = PBXFileReference; fileEncoding = 4; lastKnownFileType = sourcecode.swift; path = UIDistanceLabel.swift; sourceTree = "<group>"; };
		95D28CBDF2535138FA16F38F /* Pods_OpenGpxTracker.framework */ = {isa = PBXFileReference; explicitFileType = wrapper.framework; includeInIndex = 0; path = Pods_OpenGpxTracker.framework; sourceTree = BUILT_PRODUCTS_DIR; };
		DC4908A01C4A136F009484AE /* TrackerButton.swift */ = {isa = PBXFileReference; fileEncoding = 4; lastKnownFileType = sourcecode.swift; path = TrackerButton.swift; sourceTree = "<group>"; };
		DC4908A21C4A332E009484AE /* MapViewDelegate.swift */ = {isa = PBXFileReference; fileEncoding = 4; lastKnownFileType = sourcecode.swift; path = MapViewDelegate.swift; sourceTree = "<group>"; };
		F8AD19460733F6AD5C43BE2D /* Pods-OpenGpxTracker.release.xcconfig */ = {isa = PBXFileReference; includeInIndex = 1; lastKnownFileType = text.xcconfig; name = "Pods-OpenGpxTracker.release.xcconfig"; path = "Pods/Target Support Files/Pods-OpenGpxTracker/Pods-OpenGpxTracker.release.xcconfig"; sourceTree = "<group>"; };
/* End PBXFileReference section */

/* Begin PBXFrameworksBuildPhase section */
		898EECD219C49B5800B4B207 /* Frameworks */ = {
			isa = PBXFrameworksBuildPhase;
			buildActionMask = 2147483647;
			files = (
				89D2F8F91DD7FA7800A52D64 /* Cache.framework in Frameworks */,
				89D2F8FF1DD7FAFF00A52D64 /* TBXML.framework in Frameworks */,
				89D2F8FD1DD7FAFA00A52D64 /* iOS_GPX_Framework.framework in Frameworks */,
				89D2F8FB1DD7FAF600A52D64 /* CryptoSwift.framework in Frameworks */,
				899D678419D3528D00C88A0A /* WebKit.framework in Frameworks */,
				899D677819CF0A9F00C88A0A /* MessageUI.framework in Frameworks */,
				898EED0019C4A15E00B4B207 /* CoreLocation.framework in Frameworks */,
				898EECFE19C49DC700B4B207 /* MapKit.framework in Frameworks */,
				C894B839E0B8DC37DE05DDCC /* Pods_OpenGpxTracker.framework in Frameworks */,
			);
			runOnlyForDeploymentPostprocessing = 0;
		};
		898EECEA19C49B5800B4B207 /* Frameworks */ = {
			isa = PBXFrameworksBuildPhase;
			buildActionMask = 2147483647;
			files = (
			);
			runOnlyForDeploymentPostprocessing = 0;
		};
/* End PBXFrameworksBuildPhase section */

/* Begin PBXGroup section */
		8948550619CB954100AB366A /* Models */ = {
			isa = PBXGroup;
			children = (
				8945A90D1DC7AD040029AF93 /* CachedTileOverlay.swift */,
				899D677119CE8B3600C88A0A /* StopWatch.swift */,
				893BEC8519C7E62200C77354 /* GPXWaypoint+MKAnnotation.swift */,
				899D676B19CD9E9E00C88A0A /* GPXTrackSegment+MapKit.swift */,
				899D676D19CD9FAF00C88A0A /* GPXTrackPoint+MapKit.swift */,
				899D676F19CE024600C88A0A /* GPXFileManager.swift */,
				899D677C19D22E1B00C88A0A /* StopWatchDelegate.swift */,
				895F04B31A7143CE004BEE8A /* GPXExtentCoordinates.swift */,
				89F8749A1BBB7362004EF41A /* GPXTrack+length.swift */,
				89F8749E1BBCB97F004EF41A /* GPXRoot+length.swift */,
			);
			name = Models;
			sourceTree = "<group>";
		};
		898EECCC19C49B5800B4B207 = {
			isa = PBXGroup;
			children = (
				898EECD719C49B5800B4B207 /* OpenGpxTracker */,
				898EECF019C49B5800B4B207 /* OpenGpxTrackerTests */,
				898EED0119C4A16600B4B207 /* Frameworks */,
				898EECD619C49B5800B4B207 /* Products */,
				B27080D4833A50C81310699E /* Pods */,
			);
			sourceTree = "<group>";
		};
		898EECD619C49B5800B4B207 /* Products */ = {
			isa = PBXGroup;
			children = (
				898EECD519C49B5800B4B207 /* OpenGpxTracker.app */,
				898EECED19C49B5800B4B207 /* OpenGpxTrackerTests.xctest */,
			);
			name = Products;
			sourceTree = "<group>";
		};
		898EECD719C49B5800B4B207 /* OpenGpxTracker */ = {
			isa = PBXGroup;
			children = (
				899D678019D2373600C88A0A /* Views */,
				899D677919D0CAF400C88A0A /* Controllers */,
				8948550619CB954100AB366A /* Models */,
				899D677319CE9DEA00C88A0A /* iOSVersion.swift */,
				89E327BD1A7481EA00FC559E /* GPXTileServer.swift */,
				898EED0219C5EE1500B4B207 /* ObjectiveCBridgingHeader.h */,
				898EECDC19C49B5800B4B207 /* OpenGpxTracker.xcdatamodeld */,
				899D678919D3551300C88A0A /* Resources */,
				898EECD819C49B5800B4B207 /* Supporting Files */,
			);
			path = OpenGpxTracker;
			sourceTree = "<group>";
		};
		898EECD819C49B5800B4B207 /* Supporting Files */ = {
			isa = PBXGroup;
			children = (
				898EECD919C49B5800B4B207 /* Info.plist */,
			);
			name = "Supporting Files";
			sourceTree = "<group>";
		};
		898EECF019C49B5800B4B207 /* OpenGpxTrackerTests */ = {
			isa = PBXGroup;
			children = (
				898EECF319C49B5800B4B207 /* OpenGpxTrackerTests.swift */,
				898EECF119C49B5800B4B207 /* Supporting Files */,
			);
			path = OpenGpxTrackerTests;
			sourceTree = "<group>";
		};
		898EECF119C49B5800B4B207 /* Supporting Files */ = {
			isa = PBXGroup;
			children = (
				898EECF219C49B5800B4B207 /* Info.plist */,
			);
			name = "Supporting Files";
			sourceTree = "<group>";
		};
		898EED0119C4A16600B4B207 /* Frameworks */ = {
			isa = PBXGroup;
			children = (
				89D2F8FE1DD7FAFF00A52D64 /* TBXML.framework */,
				89D2F8FC1DD7FAFA00A52D64 /* iOS_GPX_Framework.framework */,
				89D2F8FA1DD7FAF600A52D64 /* CryptoSwift.framework */,
				89D2F8F81DD7FA7700A52D64 /* Cache.framework */,
				899D678319D3528D00C88A0A /* WebKit.framework */,
				899D677719CF0A9F00C88A0A /* MessageUI.framework */,
				898EECFF19C4A15E00B4B207 /* CoreLocation.framework */,
				898EECFD19C49DC700B4B207 /* MapKit.framework */,
				95D28CBDF2535138FA16F38F /* Pods_OpenGpxTracker.framework */,
			);
			name = Frameworks;
			sourceTree = "<group>";
		};
		899D677919D0CAF400C88A0A /* Controllers */ = {
			isa = PBXGroup;
			children = (
				898EECDF19C49B5800B4B207 /* ViewController.swift */,
				898EED3519C6402900B4B207 /* GPXFilesTableViewController.swift */,
				899D677A19D10F7C00C88A0A /* GPXFilesTableViewControlllerDelegate.swift */,
				899D678119D351DA00C88A0A /* AboutViewController.swift */,
				8913CD8B1BDB0A9A009EC729 /* PreferencesTableViewController.swift */,
				8913CD8D1BDB2477009EC729 /* PreferencesTableViewControllerDelegate.swift */,
				DC4908A21C4A332E009484AE /* MapViewDelegate.swift */,
				8991CA3E1D3F01D10092E1DE /* TrackRecorder.swift */,
			);
			name = Controllers;
			sourceTree = "<group>";
		};
		899D678019D2373600C88A0A /* Views */ = {
			isa = PBXGroup;
			children = (
				899D677E19D2366100C88A0A /* GPXMapView.swift */,
				89F874A01BBCC74C004EF41A /* UIDistanceLabel.swift */,
				DC4908A01C4A136F009484AE /* TrackerButton.swift */,
			);
			name = Views;
			sourceTree = "<group>";
		};
		899D678919D3551300C88A0A /* Resources */ = {
			isa = PBXGroup;
			children = (
				898EECE619C49B5800B4B207 /* LaunchScreen.xib */,
				898EECE119C49B5800B4B207 /* Main.storyboard */,
				898EECDA19C49B5800B4B207 /* AppDelegate.swift */,
				899D678519D354EB00C88A0A /* about.html */,
				898EECE419C49B5800B4B207 /* Images.xcassets */,
			);
			name = Resources;
			sourceTree = "<group>";
		};
		B27080D4833A50C81310699E /* Pods */ = {
			isa = PBXGroup;
			children = (
				44E786790A477838358F948C /* Pods-OpenGpxTracker.debug.xcconfig */,
				F8AD19460733F6AD5C43BE2D /* Pods-OpenGpxTracker.release.xcconfig */,
			);
			name = Pods;
			sourceTree = "<group>";
		};
/* End PBXGroup section */

/* Begin PBXNativeTarget section */
		898EECD419C49B5800B4B207 /* OpenGpxTracker */ = {
			isa = PBXNativeTarget;
			buildConfigurationList = 898EECF719C49B5800B4B207 /* Build configuration list for PBXNativeTarget "OpenGpxTracker" */;
			buildPhases = (
				196CCD645C9925FAA058D622 /* [CP] Check Pods Manifest.lock */,
				898EECD119C49B5800B4B207 /* Sources */,
				898EECD219C49B5800B4B207 /* Frameworks */,
				898EECD319C49B5800B4B207 /* Resources */,
				DC6FB8E11C49DF2C00B378D4 /* SwiftLint */,
				6F4A3D7A2BD48699BC9EFC52 /* [CP] Embed Pods Frameworks */,
				BD8EA4349535F64B6C892102 /* [CP] Copy Pods Resources */,
			);
			buildRules = (
			);
			dependencies = (
			);
			name = OpenGpxTracker;
			productName = OpenGpxTracker;
			productReference = 898EECD519C49B5800B4B207 /* OpenGpxTracker.app */;
			productType = "com.apple.product-type.application";
		};
		898EECEC19C49B5800B4B207 /* OpenGpxTrackerTests */ = {
			isa = PBXNativeTarget;
			buildConfigurationList = 898EECFA19C49B5800B4B207 /* Build configuration list for PBXNativeTarget "OpenGpxTrackerTests" */;
			buildPhases = (
				898EECE919C49B5800B4B207 /* Sources */,
				898EECEA19C49B5800B4B207 /* Frameworks */,
				898EECEB19C49B5800B4B207 /* Resources */,
			);
			buildRules = (
			);
			dependencies = (
				898EECEF19C49B5800B4B207 /* PBXTargetDependency */,
			);
			name = OpenGpxTrackerTests;
			productName = OpenGpxTrackerTests;
			productReference = 898EECED19C49B5800B4B207 /* OpenGpxTrackerTests.xctest */;
			productType = "com.apple.product-type.bundle.unit-test";
		};
/* End PBXNativeTarget section */

/* Begin PBXProject section */
		898EECCD19C49B5800B4B207 /* Project object */ = {
			isa = PBXProject;
			attributes = {
				LastSwiftMigration = 0700;
				LastSwiftUpdateCheck = 0700;
				LastUpgradeCheck = 0810;
				ORGANIZATIONNAME = TransitBox;
				TargetAttributes = {
					898EECD419C49B5800B4B207 = {
						CreatedOnToolsVersion = 6.0;
						DevelopmentTeam = SU64RGPDF2;
						LastSwiftMigration = 0800;
						SystemCapabilities = {
							com.apple.BackgroundModes = {
								enabled = 1;
							};
						};
					};
					898EECEC19C49B5800B4B207 = {
						CreatedOnToolsVersion = 6.0;
						DevelopmentTeam = SU64RGPDF2;
						LastSwiftMigration = 0800;
						TestTargetID = 898EECD419C49B5800B4B207;
					};
				};
			};
			buildConfigurationList = 898EECD019C49B5800B4B207 /* Build configuration list for PBXProject "OpenGpxTracker" */;
			compatibilityVersion = "Xcode 3.2";
			developmentRegion = English;
			hasScannedForEncodings = 0;
			knownRegions = (
				en,
				Base,
			);
			mainGroup = 898EECCC19C49B5800B4B207;
			productRefGroup = 898EECD619C49B5800B4B207 /* Products */;
			projectDirPath = "";
			projectRoot = "";
			targets = (
				898EECD419C49B5800B4B207 /* OpenGpxTracker */,
				898EECEC19C49B5800B4B207 /* OpenGpxTrackerTests */,
			);
		};
/* End PBXProject section */

/* Begin PBXResourcesBuildPhase section */
		898EECD319C49B5800B4B207 /* Resources */ = {
			isa = PBXResourcesBuildPhase;
			buildActionMask = 2147483647;
			files = (
				899D678719D354EB00C88A0A /* about.html in Resources */,
				898EECE319C49B5800B4B207 /* Main.storyboard in Resources */,
				898EECE819C49B5800B4B207 /* LaunchScreen.xib in Resources */,
				898EECE519C49B5800B4B207 /* Images.xcassets in Resources */,
			);
			runOnlyForDeploymentPostprocessing = 0;
		};
		898EECEB19C49B5800B4B207 /* Resources */ = {
			isa = PBXResourcesBuildPhase;
			buildActionMask = 2147483647;
			files = (
			);
			runOnlyForDeploymentPostprocessing = 0;
		};
/* End PBXResourcesBuildPhase section */

/* Begin PBXShellScriptBuildPhase section */
		196CCD645C9925FAA058D622 /* [CP] Check Pods Manifest.lock */ = {
			isa = PBXShellScriptBuildPhase;
			buildActionMask = 2147483647;
			files = (
			);
			inputPaths = (
			);
			name = "[CP] Check Pods Manifest.lock";
			outputPaths = (
			);
			runOnlyForDeploymentPostprocessing = 0;
			shellPath = /bin/sh;
			shellScript = "diff \"${PODS_ROOT}/../Podfile.lock\" \"${PODS_ROOT}/Manifest.lock\" > /dev/null\nif [ $? != 0 ] ; then\n    # print error to STDERR\n    echo \"error: The sandbox is not in sync with the Podfile.lock. Run 'pod install' or update your CocoaPods installation.\" >&2\n    exit 1\nfi\n";
			showEnvVarsInLog = 0;
		};
		6F4A3D7A2BD48699BC9EFC52 /* [CP] Embed Pods Frameworks */ = {
			isa = PBXShellScriptBuildPhase;
			buildActionMask = 2147483647;
			files = (
			);
			inputPaths = (
			);
			name = "[CP] Embed Pods Frameworks";
			outputPaths = (
			);
			runOnlyForDeploymentPostprocessing = 0;
			shellPath = /bin/sh;
			shellScript = "\"${SRCROOT}/Pods/Target Support Files/Pods-OpenGpxTracker/Pods-OpenGpxTracker-frameworks.sh\"\n";
			showEnvVarsInLog = 0;
		};
		BD8EA4349535F64B6C892102 /* [CP] Copy Pods Resources */ = {
			isa = PBXShellScriptBuildPhase;
			buildActionMask = 2147483647;
			files = (
			);
			inputPaths = (
			);
			name = "[CP] Copy Pods Resources";
			outputPaths = (
			);
			runOnlyForDeploymentPostprocessing = 0;
			shellPath = /bin/sh;
			shellScript = "\"${SRCROOT}/Pods/Target Support Files/Pods-OpenGpxTracker/Pods-OpenGpxTracker-resources.sh\"\n";
			showEnvVarsInLog = 0;
		};
		DC6FB8E11C49DF2C00B378D4 /* SwiftLint */ = {
			isa = PBXShellScriptBuildPhase;
			buildActionMask = 2147483647;
			files = (
			);
			inputPaths = (
			);
			name = SwiftLint;
			outputPaths = (
			);
			runOnlyForDeploymentPostprocessing = 0;
			shellPath = /bin/sh;
			shellScript = "if which swiftlint >/dev/null; then\nswiftlint\nelse\necho \"SwiftLint does not exist, download from https://github.com/realm/SwiftLint\"\nfi";
		};
/* End PBXShellScriptBuildPhase section */

/* Begin PBXSourcesBuildPhase section */
		898EECD119C49B5800B4B207 /* Sources */ = {
			isa = PBXSourcesBuildPhase;
			buildActionMask = 2147483647;
			files = (
				899D677419CE9DEA00C88A0A /* iOSVersion.swift in Sources */,
				899D677F19D2366100C88A0A /* GPXMapView.swift in Sources */,
				89E327BE1A7481EA00FC559E /* GPXTileServer.swift in Sources */,
				898EECE019C49B5800B4B207 /* ViewController.swift in Sources */,
				8945A90E1DC7AD040029AF93 /* CachedTileOverlay.swift in Sources */,
				899D677019CE024600C88A0A /* GPXFileManager.swift in Sources */,
				898EECDE19C49B5800B4B207 /* OpenGpxTracker.xcdatamodeld in Sources */,
				8913CD8E1BDB2477009EC729 /* PreferencesTableViewControllerDelegate.swift in Sources */,
				899D676E19CD9FAF00C88A0A /* GPXTrackPoint+MapKit.swift in Sources */,
				89F8749B1BBB7362004EF41A /* GPXTrack+length.swift in Sources */,
				8991CA3F1D3F01D10092E1DE /* TrackRecorder.swift in Sources */,
				899D678219D351DA00C88A0A /* AboutViewController.swift in Sources */,
				89F874A11BBCC74C004EF41A /* UIDistanceLabel.swift in Sources */,
				895F04B41A7143CE004BEE8A /* GPXExtentCoordinates.swift in Sources */,
				899D677B19D10F7C00C88A0A /* GPXFilesTableViewControlllerDelegate.swift in Sources */,
				8913CD8C1BDB0A9A009EC729 /* PreferencesTableViewController.swift in Sources */,
				899D677D19D22E1B00C88A0A /* StopWatchDelegate.swift in Sources */,
				898EECDB19C49B5800B4B207 /* AppDelegate.swift in Sources */,
				899D676C19CD9E9E00C88A0A /* GPXTrackSegment+MapKit.swift in Sources */,
				899D677219CE8B3600C88A0A /* StopWatch.swift in Sources */,
				893BEC8619C7E62200C77354 /* GPXWaypoint+MKAnnotation.swift in Sources */,
				DC4908A31C4A332E009484AE /* MapViewDelegate.swift in Sources */,
				898EED3619C6402900B4B207 /* GPXFilesTableViewController.swift in Sources */,
				DC4908A11C4A136F009484AE /* TrackerButton.swift in Sources */,
				89F8749F1BBCB97F004EF41A /* GPXRoot+length.swift in Sources */,
			);
			runOnlyForDeploymentPostprocessing = 0;
		};
		898EECE919C49B5800B4B207 /* Sources */ = {
			isa = PBXSourcesBuildPhase;
			buildActionMask = 2147483647;
			files = (
				898EECF419C49B5800B4B207 /* OpenGpxTrackerTests.swift in Sources */,
			);
			runOnlyForDeploymentPostprocessing = 0;
		};
/* End PBXSourcesBuildPhase section */

/* Begin PBXTargetDependency section */
		898EECEF19C49B5800B4B207 /* PBXTargetDependency */ = {
			isa = PBXTargetDependency;
			target = 898EECD419C49B5800B4B207 /* OpenGpxTracker */;
			targetProxy = 898EECEE19C49B5800B4B207 /* PBXContainerItemProxy */;
		};
/* End PBXTargetDependency section */

/* Begin PBXVariantGroup section */
		898EECE119C49B5800B4B207 /* Main.storyboard */ = {
			isa = PBXVariantGroup;
			children = (
				898EECE219C49B5800B4B207 /* Base */,
			);
			name = Main.storyboard;
			sourceTree = "<group>";
		};
		898EECE619C49B5800B4B207 /* LaunchScreen.xib */ = {
			isa = PBXVariantGroup;
			children = (
				898EECE719C49B5800B4B207 /* Base */,
			);
			name = LaunchScreen.xib;
			sourceTree = "<group>";
		};
/* End PBXVariantGroup section */

/* Begin XCBuildConfiguration section */
		898EECF519C49B5800B4B207 /* Debug */ = {
			isa = XCBuildConfiguration;
			buildSettings = {
				ALWAYS_SEARCH_USER_PATHS = NO;
				CLANG_CXX_LANGUAGE_STANDARD = "gnu++0x";
				CLANG_CXX_LIBRARY = "libc++";
				CLANG_ENABLE_MODULES = YES;
				CLANG_ENABLE_OBJC_ARC = YES;
				CLANG_WARN_BOOL_CONVERSION = YES;
				CLANG_WARN_CONSTANT_CONVERSION = YES;
				CLANG_WARN_DIRECT_OBJC_ISA_USAGE = YES_ERROR;
				CLANG_WARN_EMPTY_BODY = YES;
				CLANG_WARN_ENUM_CONVERSION = YES;
				CLANG_WARN_INFINITE_RECURSION = YES;
				CLANG_WARN_INT_CONVERSION = YES;
				CLANG_WARN_OBJC_ROOT_CLASS = YES_ERROR;
				CLANG_WARN_SUSPICIOUS_MOVE = YES;
				CLANG_WARN_UNREACHABLE_CODE = YES;
				CLANG_WARN__DUPLICATE_METHOD_MATCH = YES;
				"CODE_SIGN_IDENTITY[sdk=iphoneos*]" = "iPhone Developer";
				COPY_PHASE_STRIP = NO;
				ENABLE_STRICT_OBJC_MSGSEND = YES;
				ENABLE_TESTABILITY = YES;
				GCC_C_LANGUAGE_STANDARD = gnu99;
				GCC_DYNAMIC_NO_PIC = NO;
				GCC_NO_COMMON_BLOCKS = YES;
				GCC_OPTIMIZATION_LEVEL = 0;
				GCC_PREPROCESSOR_DEFINITIONS = (
					"DEBUG=1",
					"$(inherited)",
				);
				GCC_SYMBOLS_PRIVATE_EXTERN = NO;
				GCC_WARN_64_TO_32_BIT_CONVERSION = YES;
				GCC_WARN_ABOUT_RETURN_TYPE = YES_ERROR;
				GCC_WARN_UNDECLARED_SELECTOR = YES;
				GCC_WARN_UNINITIALIZED_AUTOS = YES_AGGRESSIVE;
				GCC_WARN_UNUSED_FUNCTION = YES;
				GCC_WARN_UNUSED_VARIABLE = YES;
				IPHONEOS_DEPLOYMENT_TARGET = 8.0;
				MTL_ENABLE_DEBUG_INFO = YES;
				ONLY_ACTIVE_ARCH = YES;
				SDKROOT = iphoneos;
				SWIFT_OPTIMIZATION_LEVEL = "-Onone";
				TARGETED_DEVICE_FAMILY = "1,2";
			};
			name = Debug;
		};
		898EECF619C49B5800B4B207 /* Release */ = {
			isa = XCBuildConfiguration;
			buildSettings = {
				ALWAYS_SEARCH_USER_PATHS = NO;
				CLANG_CXX_LANGUAGE_STANDARD = "gnu++0x";
				CLANG_CXX_LIBRARY = "libc++";
				CLANG_ENABLE_MODULES = YES;
				CLANG_ENABLE_OBJC_ARC = YES;
				CLANG_WARN_BOOL_CONVERSION = YES;
				CLANG_WARN_CONSTANT_CONVERSION = YES;
				CLANG_WARN_DIRECT_OBJC_ISA_USAGE = YES_ERROR;
				CLANG_WARN_EMPTY_BODY = YES;
				CLANG_WARN_ENUM_CONVERSION = YES;
				CLANG_WARN_INFINITE_RECURSION = YES;
				CLANG_WARN_INT_CONVERSION = YES;
				CLANG_WARN_OBJC_ROOT_CLASS = YES_ERROR;
				CLANG_WARN_SUSPICIOUS_MOVE = YES;
				CLANG_WARN_UNREACHABLE_CODE = YES;
				CLANG_WARN__DUPLICATE_METHOD_MATCH = YES;
				"CODE_SIGN_IDENTITY[sdk=iphoneos*]" = "iPhone Developer";
				COPY_PHASE_STRIP = YES;
				ENABLE_NS_ASSERTIONS = NO;
				ENABLE_STRICT_OBJC_MSGSEND = YES;
				GCC_C_LANGUAGE_STANDARD = gnu99;
				GCC_NO_COMMON_BLOCKS = YES;
				GCC_WARN_64_TO_32_BIT_CONVERSION = YES;
				GCC_WARN_ABOUT_RETURN_TYPE = YES_ERROR;
				GCC_WARN_UNDECLARED_SELECTOR = YES;
				GCC_WARN_UNINITIALIZED_AUTOS = YES_AGGRESSIVE;
				GCC_WARN_UNUSED_FUNCTION = YES;
				GCC_WARN_UNUSED_VARIABLE = YES;
				IPHONEOS_DEPLOYMENT_TARGET = 8.0;
				MTL_ENABLE_DEBUG_INFO = NO;
				SDKROOT = iphoneos;
				SWIFT_OPTIMIZATION_LEVEL = "-Owholemodule";
				TARGETED_DEVICE_FAMILY = "1,2";
				VALIDATE_PRODUCT = YES;
			};
			name = Release;
		};
		898EECF819C49B5800B4B207 /* Debug */ = {
			isa = XCBuildConfiguration;
			baseConfigurationReference = 44E786790A477838358F948C /* Pods-OpenGpxTracker.debug.xcconfig */;
			buildSettings = {
				ALWAYS_EMBED_SWIFT_STANDARD_LIBRARIES = YES;
				ASSETCATALOG_COMPILER_APPICON_NAME = AppIcon;
				ASSETCATALOG_COMPILER_LAUNCHIMAGE_NAME = LaunchImage;
				CODE_SIGN_IDENTITY = "iPhone Developer";
				DEVELOPMENT_TEAM = SU64RGPDF2;
				INFOPLIST_FILE = OpenGpxTracker/Info.plist;
				IPHONEOS_DEPLOYMENT_TARGET = 8.0;
				LD_RUNPATH_SEARCH_PATHS = "$(inherited) @executable_path/Frameworks";
				PRODUCT_BUNDLE_IDENTIFIER = org.merlos.OpenGpxTracker;
				PRODUCT_NAME = "$(TARGET_NAME)";
				SWIFT_OBJC_BRIDGING_HEADER = OpenGpxTracker/ObjectiveCBridgingHeader.h;
				SWIFT_VERSION = 3.0;
				TARGETED_DEVICE_FAMILY = "1,2";
			};
			name = Debug;
		};
		898EECF919C49B5800B4B207 /* Release */ = {
			isa = XCBuildConfiguration;
			baseConfigurationReference = F8AD19460733F6AD5C43BE2D /* Pods-OpenGpxTracker.release.xcconfig */;
			buildSettings = {
				ALWAYS_EMBED_SWIFT_STANDARD_LIBRARIES = YES;
				ASSETCATALOG_COMPILER_APPICON_NAME = AppIcon;
				ASSETCATALOG_COMPILER_LAUNCHIMAGE_NAME = LaunchImage;
				CODE_SIGN_IDENTITY = "iPhone Developer";
				DEVELOPMENT_TEAM = SU64RGPDF2;
				INFOPLIST_FILE = OpenGpxTracker/Info.plist;
				IPHONEOS_DEPLOYMENT_TARGET = 8.0;
				LD_RUNPATH_SEARCH_PATHS = "$(inherited) @executable_path/Frameworks";
				PRODUCT_BUNDLE_IDENTIFIER = org.merlos.OpenGpxTracker;
				PRODUCT_NAME = "$(TARGET_NAME)";
				SWIFT_OBJC_BRIDGING_HEADER = OpenGpxTracker/ObjectiveCBridgingHeader.h;
				SWIFT_VERSION = 3.0;
				TARGETED_DEVICE_FAMILY = "1,2";
			};
			name = Release;
		};
		898EECFB19C49B5800B4B207 /* Debug */ = {
			isa = XCBuildConfiguration;
			buildSettings = {
				BUNDLE_LOADER = "$(TEST_HOST)";
				DEVELOPMENT_TEAM = SU64RGPDF2;
				FRAMEWORK_SEARCH_PATHS = (
					"$(SDKROOT)/Developer/Library/Frameworks",
					"$(inherited)",
				);
				GCC_PREPROCESSOR_DEFINITIONS = (
					"DEBUG=1",
					"$(inherited)",
				);
				INFOPLIST_FILE = OpenGpxTrackerTests/Info.plist;
				LD_RUNPATH_SEARCH_PATHS = "$(inherited) @executable_path/Frameworks @loader_path/Frameworks";
				PRODUCT_BUNDLE_IDENTIFIER = "org.transitbox.$(PRODUCT_NAME:rfc1034identifier)";
				PRODUCT_NAME = "$(TARGET_NAME)";
				SWIFT_VERSION = 3.0;
				TEST_HOST = "$(BUILT_PRODUCTS_DIR)/OpenGpxTracker.app/OpenGpxTracker";
			};
			name = Debug;
		};
		898EECFC19C49B5800B4B207 /* Release */ = {
			isa = XCBuildConfiguration;
			buildSettings = {
				BUNDLE_LOADER = "$(TEST_HOST)";
				DEVELOPMENT_TEAM = SU64RGPDF2;
				FRAMEWORK_SEARCH_PATHS = (
					"$(SDKROOT)/Developer/Library/Frameworks",
					"$(inherited)",
				);
				INFOPLIST_FILE = OpenGpxTrackerTests/Info.plist;
				LD_RUNPATH_SEARCH_PATHS = "$(inherited) @executable_path/Frameworks @loader_path/Frameworks";
				PRODUCT_BUNDLE_IDENTIFIER = "org.transitbox.$(PRODUCT_NAME:rfc1034identifier)";
				PRODUCT_NAME = "$(TARGET_NAME)";
				SWIFT_VERSION = 3.0;
				TEST_HOST = "$(BUILT_PRODUCTS_DIR)/OpenGpxTracker.app/OpenGpxTracker";
			};
			name = Release;
		};
/* End XCBuildConfiguration section */

/* Begin XCConfigurationList section */
		898EECD019C49B5800B4B207 /* Build configuration list for PBXProject "OpenGpxTracker" */ = {
			isa = XCConfigurationList;
			buildConfigurations = (
				898EECF519C49B5800B4B207 /* Debug */,
				898EECF619C49B5800B4B207 /* Release */,
			);
			defaultConfigurationIsVisible = 0;
			defaultConfigurationName = Release;
		};
		898EECF719C49B5800B4B207 /* Build configuration list for PBXNativeTarget "OpenGpxTracker" */ = {
			isa = XCConfigurationList;
			buildConfigurations = (
				898EECF819C49B5800B4B207 /* Debug */,
				898EECF919C49B5800B4B207 /* Release */,
			);
			defaultConfigurationIsVisible = 0;
			defaultConfigurationName = Release;
		};
		898EECFA19C49B5800B4B207 /* Build configuration list for PBXNativeTarget "OpenGpxTrackerTests" */ = {
			isa = XCConfigurationList;
			buildConfigurations = (
				898EECFB19C49B5800B4B207 /* Debug */,
				898EECFC19C49B5800B4B207 /* Release */,
			);
			defaultConfigurationIsVisible = 0;
			defaultConfigurationName = Release;
		};
/* End XCConfigurationList section */

/* Begin XCVersionGroup section */
		898EECDC19C49B5800B4B207 /* OpenGpxTracker.xcdatamodeld */ = {
			isa = XCVersionGroup;
			children = (
				898EECDD19C49B5800B4B207 /* OpenGpxTracker.xcdatamodel */,
			);
			currentVersion = 898EECDD19C49B5800B4B207 /* OpenGpxTracker.xcdatamodel */;
			path = OpenGpxTracker.xcdatamodeld;
			sourceTree = "<group>";
			versionGroupType = wrapper.xcdatamodel;
		};
/* End XCVersionGroup section */
	};
	rootObject = 898EECCD19C49B5800B4B207 /* Project object */;
}
